
Microsoft Visual Studio Solution File, Format Version 12.00
# Visual Studio Version 17
VisualStudioVersion = 17.10.34916.146
MinimumVisualStudioVersion = 10.0.40219.1
Project("{9A19103F-16F7-4668-BE54-9A1E7A4F7556}") = "BicycleStore", "BicycleStore\BicycleStore.csproj", "{92A81E96-108F-4591-8186-2465DADF174A}"
EndProject
Project("{FAE04EC0-301F-11D3-BF4B-00C04F79EFBC}") = "BikeService", "BikeService\BikeService.csproj", "{7E6D1E35-56D5-483C-A8C5-254A66904ED4}"
EndProject
Global
	GlobalSection(SolutionConfigurationPlatforms) = preSolution
		Debug|Any CPU = Debug|Any CPU
		Release|Any CPU = Release|Any CPU
	EndGlobalSection
	GlobalSection(ProjectConfigurationPlatforms) = postSolution
		{92A81E96-108F-4591-8186-2465DADF174A}.Debug|Any CPU.ActiveCfg = Debug|Any CPU
		{92A81E96-108F-4591-8186-2465DADF174A}.Debug|Any CPU.Build.0 = Debug|Any CPU
		{92A81E96-108F-4591-8186-2465DADF174A}.Release|Any CPU.ActiveCfg = Release|Any CPU
		{92A81E96-108F-4591-8186-2465DADF174A}.Release|Any CPU.Build.0 = Release|Any CPU
		{7E6D1E35-56D5-483C-A8C5-254A66904ED4}.Debug|Any CPU.ActiveCfg = Debug|Any CPU
		{7E6D1E35-56D5-483C-A8C5-254A66904ED4}.Debug|Any CPU.Build.0 = Debug|Any CPU
		{7E6D1E35-56D5-483C-A8C5-254A66904ED4}.Release|Any CPU.ActiveCfg = Release|Any CPU
		{7E6D1E35-56D5-483C-A8C5-254A66904ED4}.Release|Any CPU.Build.0 = Release|Any CPU
	EndGlobalSection
	GlobalSection(SolutionProperties) = preSolution
		HideSolutionNode = FALSE
	EndGlobalSection
	GlobalSection(ExtensibilityGlobals) = postSolution
		SolutionGuid = {062462A3-F559-4E53-9E41-948DF5D33FF9}
	EndGlobalSection
EndGlobal
